
Microsoft Visual Studio Solution File, Format Version 12.00
# Visual Studio Version 16
VisualStudioVersion = 16.0.31229.75
MinimumVisualStudioVersion = 10.0.40219.1
Project("{8BC9CEB8-8B4A-11D0-8D11-00A0C91BC942}") = "GeekBrains_Learning", "GeekBrains_Learning\GeekBrains_Learning.vcxproj", "{41D91972-92A0-4478-899D-F0C78D266DC6}"
EndProject
Global
	GlobalSection(SolutionConfigurationPlatforms) = preSolution
		Debug|x64 = Debug|x64
		Debug|x86 = Debug|x86
		Release|x64 = Release|x64
		Release|x86 = Release|x86
	EndGlobalSection
	GlobalSection(ProjectConfigurationPlatforms) = postSolution
		{41D91972-92A0-4478-899D-F0C78D266DC6}.Debug|x64.ActiveCfg = Debug|x64
		{41D91972-92A0-4478-899D-F0C78D266DC6}.Debug|x64.Build.0 = Debug|x64
		{41D91972-92A0-4478-899D-F0C78D266DC6}.Debug|x86.ActiveCfg = Debug|Win32
		{41D91972-92A0-4478-899D-F0C78D266DC6}.Debug|x86.Build.0 = Debug|Win32
		{41D91972-92A0-4478-899D-F0C78D266DC6}.Release|x64.ActiveCfg = Release|x64
		{41D91972-92A0-4478-899D-F0C78D266DC6}.Release|x64.Build.0 = Release|x64
		{41D91972-92A0-4478-899D-F0C78D266DC6}.Release|x86.ActiveCfg = Release|Win32
		{41D91972-92A0-4478-899D-F0C78D266DC6}.Release|x86.Build.0 = Release|Win32
	EndGlobalSection
	GlobalSection(SolutionProperties) = preSolution
		HideSolutionNode = FALSE
	EndGlobalSection
	GlobalSection(ExtensibilityGlobals) = postSolution
		SolutionGuid = {9C84DBC1-584F-460B-AD18-7817ABA156A7}
	EndGlobalSection
EndGlobal
